
Microsoft Visual Studio Solution File, Format Version 12.00
# Visual Studio Version 17
VisualStudioVersion = 17.8.34511.84
MinimumVisualStudioVersion = 10.0.40219.1
Project("{FAE04EC0-301F-11D3-BF4B-00C04F79EFBC}") = "MotoBikeShop", "MotoBikeShop\MotoBikeShop.csproj", "{B9C7DB84-1C97-4E63-9597-7DFF6A8E3B21}"
EndProject
Global
	GlobalSection(SolutionConfigurationPlatforms) = preSolution
		Debug|Any CPU = Debug|Any CPU
		Release|Any CPU = Release|Any CPU
	EndGlobalSection
	GlobalSection(ProjectConfigurationPlatforms) = postSolution
		{B9C7DB84-1C97-4E63-9597-7DFF6A8E3B21}.Debug|Any CPU.ActiveCfg = Debug|Any CPU
		{B9C7DB84-1C97-4E63-9597-7DFF6A8E3B21}.Debug|Any CPU.Build.0 = Debug|Any CPU
		{B9C7DB84-1C97-4E63-9597-7DFF6A8E3B21}.Release|Any CPU.ActiveCfg = Release|Any CPU
		{B9C7DB84-1C97-4E63-9597-7DFF6A8E3B21}.Release|Any CPU.Build.0 = Release|Any CPU
	EndGlobalSection
	GlobalSection(SolutionProperties) = preSolution
		HideSolutionNode = FALSE
	EndGlobalSection
	GlobalSection(ExtensibilityGlobals) = postSolution
		SolutionGuid = {48A3833B-DA9E-429D-A840-028204DA3AA0}
	EndGlobalSection
EndGlobal
